// !$*UTF8*$!
{
	archiveVersion = 1;
	classes = {
	};
	objectVersion = 54;
	objects = {

/* Begin PBXBuildFile section */
		9956A553262219AC004F2757 /* AppDelegate.swift in Sources */ = {isa = PBXBuildFile; fileRef = 9956A552262219AC004F2757 /* AppDelegate.swift */; };
		9956A555262219AC004F2757 /* SceneDelegate.swift in Sources */ = {isa = PBXBuildFile; fileRef = 9956A554262219AC004F2757 /* SceneDelegate.swift */; };
		9956A557262219AC004F2757 /* ViewController.swift in Sources */ = {isa = PBXBuildFile; fileRef = 9956A556262219AC004F2757 /* ViewController.swift */; };
		9956A55A262219AC004F2757 /* Main.storyboard in Resources */ = {isa = PBXBuildFile; fileRef = 9956A558262219AC004F2757 /* Main.storyboard */; };
		9956A55D262219AC004F2757 /* SettingView_sample.xcdatamodeld in Sources */ = {isa = PBXBuildFile; fileRef = 9956A55B262219AC004F2757 /* SettingView_sample.xcdatamodeld */; };
		9956A55F262219AF004F2757 /* Assets.xcassets in Resources */ = {isa = PBXBuildFile; fileRef = 9956A55E262219AF004F2757 /* Assets.xcassets */; };
		9956A562262219AF004F2757 /* LaunchScreen.storyboard in Resources */ = {isa = PBXBuildFile; fileRef = 9956A560262219AF004F2757 /* LaunchScreen.storyboard */; };
		9956A56C262220D5004F2757 /* SettingTableViewCell.swift in Sources */ = {isa = PBXBuildFile; fileRef = 9956A56B262220D5004F2757 /* SettingTableViewCell.swift */; };
		9956A57026223658004F2757 /* SwitchViewController.swift in Sources */ = {isa = PBXBuildFile; fileRef = 9956A56F26223658004F2757 /* SwitchViewController.swift */; };
		9956A57626230D39004F2757 /* SwitchTableViewCell.swift in Sources */ = {isa = PBXBuildFile; fileRef = 9956A57526230D39004F2757 /* SwitchTableViewCell.swift */; };
/* End PBXBuildFile section */

/* Begin PBXFileReference section */
		9956A54F262219AC004F2757 /* SettingView-sample.app */ = {isa = PBXFileReference; explicitFileType = wrapper.application; includeInIndex = 0; path = "SettingView-sample.app"; sourceTree = BUILT_PRODUCTS_DIR; };
		9956A552262219AC004F2757 /* AppDelegate.swift */ = {isa = PBXFileReference; lastKnownFileType = sourcecode.swift; path = AppDelegate.swift; sourceTree = "<group>"; };
		9956A554262219AC004F2757 /* SceneDelegate.swift */ = {isa = PBXFileReference; lastKnownFileType = sourcecode.swift; path = SceneDelegate.swift; sourceTree = "<group>"; };
		9956A556262219AC004F2757 /* ViewController.swift */ = {isa = PBXFileReference; lastKnownFileType = sourcecode.swift; path = ViewController.swift; sourceTree = "<group>"; };
		9956A559262219AC004F2757 /* Base */ = {isa = PBXFileReference; lastKnownFileType = file.storyboard; name = Base; path = Base.lproj/Main.storyboard; sourceTree = "<group>"; };
		9956A55C262219AC004F2757 /* SettingView_sample.xcdatamodel */ = {isa = PBXFileReference; lastKnownFileType = wrapper.xcdatamodel; path = SettingView_sample.xcdatamodel; sourceTree = "<group>"; };
		9956A55E262219AF004F2757 /* Assets.xcassets */ = {isa = PBXFileReference; lastKnownFileType = folder.assetcatalog; path = Assets.xcassets; sourceTree = "<group>"; };
		9956A561262219AF004F2757 /* Base */ = {isa = PBXFileReference; lastKnownFileType = file.storyboard; name = Base; path = Base.lproj/LaunchScreen.storyboard; sourceTree = "<group>"; };
		9956A563262219AF004F2757 /* Info.plist */ = {isa = PBXFileReference; lastKnownFileType = text.plist.xml; path = Info.plist; sourceTree = "<group>"; };
		9956A56B262220D5004F2757 /* SettingTableViewCell.swift */ = {isa = PBXFileReference; lastKnownFileType = sourcecode.swift; path = SettingTableViewCell.swift; sourceTree = "<group>"; };
		9956A56F26223658004F2757 /* SwitchViewController.swift */ = {isa = PBXFileReference; lastKnownFileType = sourcecode.swift; path = SwitchViewController.swift; sourceTree = "<group>"; };
		9956A57526230D39004F2757 /* SwitchTableViewCell.swift */ = {isa = PBXFileReference; lastKnownFileType = sourcecode.swift; path = SwitchTableViewCell.swift; sourceTree = "<group>"; };
/* End PBXFileReference section */

/* Begin PBXFrameworksBuildPhase section */
		9956A54C262219AC004F2757 /* Frameworks */ = {
			isa = PBXFrameworksBuildPhase;
			buildActionMask = 2147483647;
			files = (
			);
			runOnlyForDeploymentPostprocessing = 0;
		};
/* End PBXFrameworksBuildPhase section */

/* Begin PBXGroup section */
		9956A546262219AC004F2757 = {
			isa = PBXGroup;
			children = (
				9956A551262219AC004F2757 /* SettingView-sample */,
				9956A550262219AC004F2757 /* Products */,
			);
			sourceTree = "<group>";
		};
		9956A550262219AC004F2757 /* Products */ = {
			isa = PBXGroup;
			children = (
				9956A54F262219AC004F2757 /* SettingView-sample.app */,
			);
			name = Products;
			sourceTree = "<group>";
		};
		9956A551262219AC004F2757 /* SettingView-sample */ = {
			isa = PBXGroup;
			children = (
				9956A573262236C6004F2757 /* Controller */,
				9956A572262236A5004F2757 /* View */,
				9956A552262219AC004F2757 /* AppDelegate.swift */,
				9956A554262219AC004F2757 /* SceneDelegate.swift */,
				9956A55E262219AF004F2757 /* Assets.xcassets */,
				9956A560262219AF004F2757 /* LaunchScreen.storyboard */,
				9956A563262219AF004F2757 /* Info.plist */,
				9956A55B262219AC004F2757 /* SettingView_sample.xcdatamodeld */,
			);
			path = "SettingView-sample";
			sourceTree = "<group>";
		};
		9956A572262236A5004F2757 /* View */ = {
			isa = PBXGroup;
			children = (
				9956A558262219AC004F2757 /* Main.storyboard */,
			);
			path = View;
			sourceTree = "<group>";
		};
		9956A573262236C6004F2757 /* Controller */ = {
			isa = PBXGroup;
			children = (
				9956A556262219AC004F2757 /* ViewController.swift */,
				9956A56F26223658004F2757 /* SwitchViewController.swift */,
				9956A56B262220D5004F2757 /* SettingTableViewCell.swift */,
				9956A57526230D39004F2757 /* SwitchTableViewCell.swift */,
			);
			path = Controller;
			sourceTree = "<group>";
		};
/* End PBXGroup section */

/* Begin PBXNativeTarget section */
		9956A54E262219AC004F2757 /* SettingView-sample */ = {
			isa = PBXNativeTarget;
			buildConfigurationList = 9956A566262219AF004F2757 /* Build configuration list for PBXNativeTarget "SettingView-sample" */;
			buildPhases = (
				9956A54B262219AC004F2757 /* Sources */,
				9956A54C262219AC004F2757 /* Frameworks */,
				9956A54D262219AC004F2757 /* Resources */,
			);
			buildRules = (
			);
			dependencies = (
			);
			name = "SettingView-sample";
			productName = "SettingView-sample";
			productReference = 9956A54F262219AC004F2757 /* SettingView-sample.app */;
			productType = "com.apple.product-type.application";
		};
/* End PBXNativeTarget section */

/* Begin PBXProject section */
		9956A547262219AC004F2757 /* Project object */ = {
			isa = PBXProject;
			attributes = {
				LastSwiftUpdateCheck = 1240;
				LastUpgradeCheck = 1240;
				TargetAttributes = {
					9956A54E262219AC004F2757 = {
						CreatedOnToolsVersion = 12.4;
					};
				};
			};
			buildConfigurationList = 9956A54A262219AC004F2757 /* Build configuration list for PBXProject "SettingView-sample" */;
			compatibilityVersion = "Xcode 12.0";
			developmentRegion = en;
			hasScannedForEncodings = 0;
			knownRegions = (
				en,
				Base,
			);
			mainGroup = 9956A546262219AC004F2757;
			productRefGroup = 9956A550262219AC004F2757 /* Products */;
			projectDirPath = "";
			projectRoot = "";
			targets = (
				9956A54E262219AC004F2757 /* SettingView-sample */,
			);
		};
/* End PBXProject section */

/* Begin PBXResourcesBuildPhase section */
		9956A54D262219AC004F2757 /* Resources */ = {
			isa = PBXResourcesBuildPhase;
			buildActionMask = 2147483647;
			files = (
				9956A562262219AF004F2757 /* LaunchScreen.storyboard in Resources */,
				9956A55F262219AF004F2757 /* Assets.xcassets in Resources */,
				9956A55A262219AC004F2757 /* Main.storyboard in Resources */,
			);
			runOnlyForDeploymentPostprocessing = 0;
		};
/* End PBXResourcesBuildPhase section */

/* Begin PBXSourcesBuildPhase section */
		9956A54B262219AC004F2757 /* Sources */ = {
			isa = PBXSourcesBuildPhase;
			buildActionMask = 2147483647;
			files = (
				9956A57026223658004F2757 /* SwitchViewController.swift in Sources */,
				9956A557262219AC004F2757 /* ViewController.swift in Sources */,
				9956A57626230D39004F2757 /* SwitchTableViewCell.swift in Sources */,
				9956A56C262220D5004F2757 /* SettingTableViewCell.swift in Sources */,
				9956A55D262219AC004F2757 /* SettingView_sample.xcdatamodeld in Sources */,
				9956A553262219AC004F2757 /* AppDelegate.swift in Sources */,
				9956A555262219AC004F2757 /* SceneDelegate.swift in Sources */,
			);
			runOnlyForDeploymentPostprocessing = 0;
		};
/* End PBXSourcesBuildPhase section */

/* Begin PBXVariantGroup section */
		9956A558262219AC004F2757 /* Main.storyboard */ = {
			isa = PBXVariantGroup;
			children = (
				9956A559262219AC004F2757 /* Base */,
			);
			name = Main.storyboard;
			sourceTree = "<group>";
		};
		9956A560262219AF004F2757 /* LaunchScreen.storyboard */ = {
			isa = PBXVariantGroup;
			children = (
				9956A561262219AF004F2757 /* Base */,
			);
			name = LaunchScreen.storyboard;
			sourceTree = "<group>";
		};
/* End PBXVariantGroup section */

/* Begin XCBuildConfiguration section */
		9956A564262219AF004F2757 /* Debug */ = {
			isa = XCBuildConfiguration;
			buildSettings = {
				ALWAYS_SEARCH_USER_PATHS = NO;
				CLANG_ANALYZER_NONNULL = YES;
				CLANG_ANALYZER_NUMBER_OBJECT_CONVERSION = YES_AGGRESSIVE;
				CLANG_CXX_LANGUAGE_STANDARD = "gnu++14";
				CLANG_CXX_LIBRARY = "libc++";
				CLANG_ENABLE_MODULES = YES;
				CLANG_ENABLE_OBJC_ARC = YES;
				CLANG_ENABLE_OBJC_WEAK = YES;
				CLANG_WARN_BLOCK_CAPTURE_AUTORELEASING = YES;
				CLANG_WARN_BOOL_CONVERSION = YES;
				CLANG_WARN_COMMA = YES;
				CLANG_WARN_CONSTANT_CONVERSION = YES;
				CLANG_WARN_DEPRECATED_OBJC_IMPLEMENTATIONS = YES;
				CLANG_WARN_DIRECT_OBJC_ISA_USAGE = YES_ERROR;
				CLANG_WARN_DOCUMENTATION_COMMENTS = YES;
				CLANG_WARN_EMPTY_BODY = YES;
				CLANG_WARN_ENUM_CONVERSION = YES;
				CLANG_WARN_INFINITE_RECURSION = YES;
				CLANG_WARN_INT_CONVERSION = YES;
				CLANG_WARN_NON_LITERAL_NULL_CONVERSION = YES;
				CLANG_WARN_OBJC_IMPLICIT_RETAIN_SELF = YES;
				CLANG_WARN_OBJC_LITERAL_CONVERSION = YES;
				CLANG_WARN_OBJC_ROOT_CLASS = YES_ERROR;
				CLANG_WARN_QUOTED_INCLUDE_IN_FRAMEWORK_HEADER = YES;
				CLANG_WARN_RANGE_LOOP_ANALYSIS = YES;
				CLANG_WARN_STRICT_PROTOTYPES = YES;
				CLANG_WARN_SUSPICIOUS_MOVE = YES;
				CLANG_WARN_UNGUARDED_AVAILABILITY = YES_AGGRESSIVE;
				CLANG_WARN_UNREACHABLE_CODE = YES;
				CLANG_WARN__DUPLICATE_METHOD_MATCH = YES;
				COPY_PHASE_STRIP = NO;
				DEBUG_INFORMATION_FORMAT = dwarf;
				ENABLE_STRICT_OBJC_MSGSEND = YES;
				ENABLE_TESTABILITY = YES;
				GCC_C_LANGUAGE_STANDARD = gnu11;
				GCC_DYNAMIC_NO_PIC = NO;
				GCC_NO_COMMON_BLOCKS = YES;
				GCC_OPTIMIZATION_LEVEL = 0;
				GCC_PREPROCESSOR_DEFINITIONS = (
					"DEBUG=1",
					"$(inherited)",
				);
				GCC_WARN_64_TO_32_BIT_CONVERSION = YES;
				GCC_WARN_ABOUT_RETURN_TYPE = YES_ERROR;
				GCC_WARN_UNDECLARED_SELECTOR = YES;
				GCC_WARN_UNINITIALIZED_AUTOS = YES_AGGRESSIVE;
				GCC_WARN_UNUSED_FUNCTION = YES;
				GCC_WARN_UNUSED_VARIABLE = YES;
				IPHONEOS_DEPLOYMENT_TARGET = 14.4;
				MTL_ENABLE_DEBUG_INFO = INCLUDE_SOURCE;
				MTL_FAST_MATH = YES;
				ONLY_ACTIVE_ARCH = YES;
				SDKROOT = iphoneos;
				SWIFT_ACTIVE_COMPILATION_CONDITIONS = DEBUG;
				SWIFT_OPTIMIZATION_LEVEL = "-Onone";
			};
			name = Debug;
		};
		9956A565262219AF004F2757 /* Release */ = {
			isa = XCBuildConfiguration;
			buildSettings = {
				ALWAYS_SEARCH_USER_PATHS = NO;
				CLANG_ANALYZER_NONNULL = YES;
				CLANG_ANALYZER_NUMBER_OBJECT_CONVERSION = YES_AGGRESSIVE;
				CLANG_CXX_LANGUAGE_STANDARD = "gnu++14";
				CLANG_CXX_LIBRARY = "libc++";
				CLANG_ENABLE_MODULES = YES;
				CLANG_ENABLE_OBJC_ARC = YES;
				CLANG_ENABLE_OBJC_WEAK = YES;
				CLANG_WARN_BLOCK_CAPTURE_AUTORELEASING = YES;
				CLANG_WARN_BOOL_CONVERSION = YES;
				CLANG_WARN_COMMA = YES;
				CLANG_WARN_CONSTANT_CONVERSION = YES;
				CLANG_WARN_DEPRECATED_OBJC_IMPLEMENTATIONS = YES;
				CLANG_WARN_DIRECT_OBJC_ISA_USAGE = YES_ERROR;
				CLANG_WARN_DOCUMENTATION_COMMENTS = YES;
				CLANG_WARN_EMPTY_BODY = YES;
				CLANG_WARN_ENUM_CONVERSION = YES;
				CLANG_WARN_INFINITE_RECURSION = YES;
				CLANG_WARN_INT_CONVERSION = YES;
				CLANG_WARN_NON_LITERAL_NULL_CONVERSION = YES;
				CLANG_WARN_OBJC_IMPLICIT_RETAIN_SELF = YES;
				CLANG_WARN_OBJC_LITERAL_CONVERSION = YES;
				CLANG_WARN_OBJC_ROOT_CLASS = YES_ERROR;
				CLANG_WARN_QUOTED_INCLUDE_IN_FRAMEWORK_HEADER = YES;
				CLANG_WARN_RANGE_LOOP_ANALYSIS = YES;
				CLANG_WARN_STRICT_PROTOTYPES = YES;
				CLANG_WARN_SUSPICIOUS_MOVE = YES;
				CLANG_WARN_UNGUARDED_AVAILABILITY = YES_AGGRESSIVE;
				CLANG_WARN_UNREACHABLE_CODE = YES;
				CLANG_WARN__DUPLICATE_METHOD_MATCH = YES;
				COPY_PHASE_STRIP = NO;
				DEBUG_INFORMATION_FORMAT = "dwarf-with-dsym";
				ENABLE_NS_ASSERTIONS = NO;
				ENABLE_STRICT_OBJC_MSGSEND = YES;
				GCC_C_LANGUAGE_STANDARD = gnu11;
				GCC_NO_COMMON_BLOCKS = YES;
				GCC_WARN_64_TO_32_BIT_CONVERSION = YES;
				GCC_WARN_ABOUT_RETURN_TYPE = YES_ERROR;
				GCC_WARN_UNDECLARED_SELECTOR = YES;
				GCC_WARN_UNINITIALIZED_AUTOS = YES_AGGRESSIVE;
				GCC_WARN_UNUSED_FUNCTION = YES;
				GCC_WARN_UNUSED_VARIABLE = YES;
				IPHONEOS_DEPLOYMENT_TARGET = 14.4;
				MTL_ENABLE_DEBUG_INFO = NO;
				MTL_FAST_MATH = YES;
				SDKROOT = iphoneos;
				SWIFT_COMPILATION_MODE = wholemodule;
				SWIFT_OPTIMIZATION_LEVEL = "-O";
				VALIDATE_PRODUCT = YES;
			};
			name = Release;
		};
		9956A567262219AF004F2757 /* Debug */ = {
			isa = XCBuildConfiguration;
			buildSettings = {
				ASSETCATALOG_COMPILER_APPICON_NAME = AppIcon;
				ASSETCATALOG_COMPILER_GLOBAL_ACCENT_COLOR_NAME = AccentColor;
				CODE_SIGN_STYLE = Automatic;
				DEVELOPMENT_TEAM = 4KX39VZ9JG;
				INFOPLIST_FILE = "SettingView-sample/Info.plist";
				LD_RUNPATH_SEARCH_PATHS = (
					"$(inherited)",
					"@executable_path/Frameworks",
				);
				PRODUCT_BUNDLE_IDENTIFIER = "Toshiki-Yanagimoto.SettingView-sample";
				PRODUCT_NAME = "$(TARGET_NAME)";
				SWIFT_VERSION = 5.0;
				TARGETED_DEVICE_FAMILY = "1,2";
			};
			name = Debug;
		};
		9956A568262219AF004F2757 /* Release */ = {
			isa = XCBuildConfiguration;
			buildSettings = {
				ASSETCATALOG_COMPILER_APPICON_NAME = AppIcon;
				ASSETCATALOG_COMPILER_GLOBAL_ACCENT_COLOR_NAME = AccentColor;
				CODE_SIGN_STYLE = Automatic;
				DEVELOPMENT_TEAM = 4KX39VZ9JG;
				INFOPLIST_FILE = "SettingView-sample/Info.plist";
				LD_RUNPATH_SEARCH_PATHS = (
					"$(inherited)",
					"@executable_path/Frameworks",
				);
				PRODUCT_BUNDLE_IDENTIFIER = "Toshiki-Yanagimoto.SettingView-sample";
				PRODUCT_NAME = "$(TARGET_NAME)";
				SWIFT_VERSION = 5.0;
				TARGETED_DEVICE_FAMILY = "1,2";
			};
			name = Release;
		};
/* End XCBuildConfiguration section */

/* Begin XCConfigurationList section */
		9956A54A262219AC004F2757 /* Build configuration list for PBXProject "SettingView-sample" */ = {
			isa = XCConfigurationList;
			buildConfigurations = (
				9956A564262219AF004F2757 /* Debug */,
				9956A565262219AF004F2757 /* Release */,
			);
			defaultConfigurationIsVisible = 0;
			defaultConfigurationName = Release;
		};
		9956A566262219AF004F2757 /* Build configuration list for PBXNativeTarget "SettingView-sample" */ = {
			isa = XCConfigurationList;
			buildConfigurations = (
				9956A567262219AF004F2757 /* Debug */,
				9956A568262219AF004F2757 /* Release */,
			);
			defaultConfigurationIsVisible = 0;
			defaultConfigurationName = Release;
		};
/* End XCConfigurationList section */

/* Begin XCVersionGroup section */
		9956A55B262219AC004F2757 /* SettingView_sample.xcdatamodeld */ = {
			isa = XCVersionGroup;
			children = (
				9956A55C262219AC004F2757 /* SettingView_sample.xcdatamodel */,
			);
			currentVersion = 9956A55C262219AC004F2757 /* SettingView_sample.xcdatamodel */;
			path = SettingView_sample.xcdatamodeld;
			sourceTree = "<group>";
			versionGroupType = wrapper.xcdatamodel;
		};
/* End XCVersionGroup section */
	};
	rootObject = 9956A547262219AC004F2757 /* Project object */;
}
